
Microsoft Visual Studio Solution File, Format Version 12.00
# Visual Studio Version 17
VisualStudioVersion = 17.9.34728.123
MinimumVisualStudioVersion = 10.0.40219.1
Project("{FAE04EC0-301F-11D3-BF4B-00C04F79EFBC}") = "DEMO03EF", "DEMO03EF\DEMO03EF.csproj", "{D412F357-F4D2-4D47-A99A-F640C27A581F}"
EndProject
Project("{FAE04EC0-301F-11D3-BF4B-00C04F79EFBC}") = "Inheritance", "Inheritance\Inheritance.csproj", "{9348E621-BD55-4EFC-A72E-B92F88DC4C67}"
EndProject
Global
	GlobalSection(SolutionConfigurationPlatforms) = preSolution
		Debug|Any CPU = Debug|Any CPU
		Release|Any CPU = Release|Any CPU
	EndGlobalSection
	GlobalSection(ProjectConfigurationPlatforms) = postSolution
		{D412F357-F4D2-4D47-A99A-F640C27A581F}.Debug|Any CPU.ActiveCfg = Debug|Any CPU
		{D412F357-F4D2-4D47-A99A-F640C27A581F}.Debug|Any CPU.Build.0 = Debug|Any CPU
		{D412F357-F4D2-4D47-A99A-F640C27A581F}.Release|Any CPU.ActiveCfg = Release|Any CPU
		{D412F357-F4D2-4D47-A99A-F640C27A581F}.Release|Any CPU.Build.0 = Release|Any CPU
		{9348E621-BD55-4EFC-A72E-B92F88DC4C67}.Debug|Any CPU.ActiveCfg = Debug|Any CPU
		{9348E621-BD55-4EFC-A72E-B92F88DC4C67}.Debug|Any CPU.Build.0 = Debug|Any CPU
		{9348E621-BD55-4EFC-A72E-B92F88DC4C67}.Release|Any CPU.ActiveCfg = Release|Any CPU
		{9348E621-BD55-4EFC-A72E-B92F88DC4C67}.Release|Any CPU.Build.0 = Release|Any CPU
	EndGlobalSection
	GlobalSection(SolutionProperties) = preSolution
		HideSolutionNode = FALSE
	EndGlobalSection
	GlobalSection(ExtensibilityGlobals) = postSolution
		SolutionGuid = {71C633C0-25B4-443B-A911-9BFFD554E8F0}
	EndGlobalSection
EndGlobal
